
Microsoft Visual Studio Solution File, Format Version 12.00
# Visual Studio 15
VisualStudioVersion = 15.0.28307.329
MinimumVisualStudioVersion = 10.0.40219.1
Project("{888888A0-9F3D-457C-B088-3A5042F75D52}") = "Project 2", "Project 2\Project 2.pyproj", "{A24597B9-59F9-4A38-9865-AFF22BE0FDED}"
EndProject
Global
	GlobalSection(SolutionConfigurationPlatforms) = preSolution
		Debug|Any CPU = Debug|Any CPU
		Release|Any CPU = Release|Any CPU
	EndGlobalSection
	GlobalSection(ProjectConfigurationPlatforms) = postSolution
		{A24597B9-59F9-4A38-9865-AFF22BE0FDED}.Debug|Any CPU.ActiveCfg = Debug|Any CPU
		{A24597B9-59F9-4A38-9865-AFF22BE0FDED}.Release|Any CPU.ActiveCfg = Release|Any CPU
	EndGlobalSection
	GlobalSection(SolutionProperties) = preSolution
		HideSolutionNode = FALSE
	EndGlobalSection
	GlobalSection(ExtensibilityGlobals) = postSolution
		SolutionGuid = {AAE7F3C7-594C-4641-8E3F-CE8259F22B4B}
	EndGlobalSection
EndGlobal
