
Microsoft Visual Studio Solution File, Format Version 12.00
# Visual Studio 15
VisualStudioVersion = 15.0.28307.329
MinimumVisualStudioVersion = 10.0.40219.1
Project("{888888A0-9F3D-457C-B088-3A5042F75D52}") = "Project 4", "Project 4\Project 4.pyproj", "{3212A91D-0B4F-4070-8924-246B098B89E4}"
EndProject
Global
	GlobalSection(SolutionConfigurationPlatforms) = preSolution
		Debug|Any CPU = Debug|Any CPU
		Release|Any CPU = Release|Any CPU
	EndGlobalSection
	GlobalSection(ProjectConfigurationPlatforms) = postSolution
		{3212A91D-0B4F-4070-8924-246B098B89E4}.Debug|Any CPU.ActiveCfg = Debug|Any CPU
		{3212A91D-0B4F-4070-8924-246B098B89E4}.Release|Any CPU.ActiveCfg = Release|Any CPU
	EndGlobalSection
	GlobalSection(SolutionProperties) = preSolution
		HideSolutionNode = FALSE
	EndGlobalSection
	GlobalSection(ExtensibilityGlobals) = postSolution
		SolutionGuid = {63481828-DE4C-45F4-9D5F-1B6DACC3A013}
	EndGlobalSection
EndGlobal
